// !$*UTF8*$!
{
	archiveVersion = 1;
	classes = {
	};
	objectVersion = 48;
	objects = {

/* Begin PBXBuildFile section */
		BA2A1C371F8F7BA1009CB0AF /* LoginRoundView.swift in Sources */ = {isa = PBXBuildFile; fileRef = BA2A1C361F8F7BA1009CB0AF /* LoginRoundView.swift */; };
		BA2A1C3B1F8F864F009CB0AF /* LoginBtn.swift in Sources */ = {isa = PBXBuildFile; fileRef = BA2A1C3A1F8F864F009CB0AF /* LoginBtn.swift */; };
		BA6215F31F8F6F9B00270D8E /* AppDelegate.swift in Sources */ = {isa = PBXBuildFile; fileRef = BA6215F21F8F6F9B00270D8E /* AppDelegate.swift */; };
		BA6215F51F8F6F9B00270D8E /* ViewController.swift in Sources */ = {isa = PBXBuildFile; fileRef = BA6215F41F8F6F9B00270D8E /* ViewController.swift */; };
		BA6215F81F8F6F9B00270D8E /* Main.storyboard in Resources */ = {isa = PBXBuildFile; fileRef = BA6215F61F8F6F9B00270D8E /* Main.storyboard */; };
		BA6215FA1F8F6F9B00270D8E /* Assets.xcassets in Resources */ = {isa = PBXBuildFile; fileRef = BA6215F91F8F6F9B00270D8E /* Assets.xcassets */; };
		BA6215FD1F8F6F9B00270D8E /* LaunchScreen.storyboard in Resources */ = {isa = PBXBuildFile; fileRef = BA6215FB1F8F6F9B00270D8E /* LaunchScreen.storyboard */; };
		BAE6A1411F95E48600EDB7C0 /* UnderLine.swift in Sources */ = {isa = PBXBuildFile; fileRef = BAE6A1401F95E48600EDB7C0 /* UnderLine.swift */; };
		BAE6A1471F96195F00EDB7C0 /* MakeCountStepOneViewController.swift in Sources */ = {isa = PBXBuildFile; fileRef = BAE6A1461F96195F00EDB7C0 /* MakeCountStepOneViewController.swift */; };
/* End PBXBuildFile section */

/* Begin PBXFileReference section */
		BA2A1C361F8F7BA1009CB0AF /* LoginRoundView.swift */ = {isa = PBXFileReference; lastKnownFileType = sourcecode.swift; path = LoginRoundView.swift; sourceTree = "<group>"; };
		BA2A1C3A1F8F864F009CB0AF /* LoginBtn.swift */ = {isa = PBXFileReference; lastKnownFileType = sourcecode.swift; path = LoginBtn.swift; sourceTree = "<group>"; };
		BA6215EF1F8F6F9B00270D8E /* JSlogin.app */ = {isa = PBXFileReference; explicitFileType = wrapper.application; includeInIndex = 0; path = JSlogin.app; sourceTree = BUILT_PRODUCTS_DIR; };
		BA6215F21F8F6F9B00270D8E /* AppDelegate.swift */ = {isa = PBXFileReference; lastKnownFileType = sourcecode.swift; path = AppDelegate.swift; sourceTree = "<group>"; };
		BA6215F41F8F6F9B00270D8E /* ViewController.swift */ = {isa = PBXFileReference; lastKnownFileType = sourcecode.swift; path = ViewController.swift; sourceTree = "<group>"; };
		BA6215F71F8F6F9B00270D8E /* Base */ = {isa = PBXFileReference; lastKnownFileType = file.storyboard; name = Base; path = Base.lproj/Main.storyboard; sourceTree = "<group>"; };
		BA6215F91F8F6F9B00270D8E /* Assets.xcassets */ = {isa = PBXFileReference; lastKnownFileType = folder.assetcatalog; path = Assets.xcassets; sourceTree = "<group>"; };
		BA6215FC1F8F6F9B00270D8E /* Base */ = {isa = PBXFileReference; lastKnownFileType = file.storyboard; name = Base; path = Base.lproj/LaunchScreen.storyboard; sourceTree = "<group>"; };
		BA6215FE1F8F6F9B00270D8E /* Info.plist */ = {isa = PBXFileReference; lastKnownFileType = text.plist.xml; path = Info.plist; sourceTree = "<group>"; };
		BAE6A1401F95E48600EDB7C0 /* UnderLine.swift */ = {isa = PBXFileReference; lastKnownFileType = sourcecode.swift; path = UnderLine.swift; sourceTree = "<group>"; };
		BAE6A1461F96195F00EDB7C0 /* MakeCountStepOneViewController.swift */ = {isa = PBXFileReference; lastKnownFileType = sourcecode.swift; path = MakeCountStepOneViewController.swift; sourceTree = "<group>"; };
/* End PBXFileReference section */

/* Begin PBXFrameworksBuildPhase section */
		BA6215EC1F8F6F9B00270D8E /* Frameworks */ = {
			isa = PBXFrameworksBuildPhase;
			buildActionMask = 2147483647;
			files = (
			);
			runOnlyForDeploymentPostprocessing = 0;
		};
/* End PBXFrameworksBuildPhase section */

/* Begin PBXGroup section */
		BA6215E61F8F6F9B00270D8E = {
			isa = PBXGroup;
			children = (
				BA6215F11F8F6F9B00270D8E /* JSlogin */,
				BA6215F01F8F6F9B00270D8E /* Products */,
			);
			sourceTree = "<group>";
		};
		BA6215F01F8F6F9B00270D8E /* Products */ = {
			isa = PBXGroup;
			children = (
				BA6215EF1F8F6F9B00270D8E /* JSlogin.app */,
			);
			name = Products;
			sourceTree = "<group>";
		};
		BA6215F11F8F6F9B00270D8E /* JSlogin */ = {
			isa = PBXGroup;
			children = (
				BA6215F21F8F6F9B00270D8E /* AppDelegate.swift */,
				BAE6A1481F96197D00EDB7C0 /* ViewController */,
				BA6215F61F8F6F9B00270D8E /* Main.storyboard */,
				BAE6A13F1F95E3E700EDB7C0 /* View */,
				BA6215F91F8F6F9B00270D8E /* Assets.xcassets */,
				BA6215FB1F8F6F9B00270D8E /* LaunchScreen.storyboard */,
				BA6215FE1F8F6F9B00270D8E /* Info.plist */,
			);
			path = JSlogin;
			sourceTree = "<group>";
		};
		BAE6A13F1F95E3E700EDB7C0 /* View */ = {
			isa = PBXGroup;
			children = (
				BA2A1C3A1F8F864F009CB0AF /* LoginBtn.swift */,
				BAE6A1401F95E48600EDB7C0 /* UnderLine.swift */,
				BA2A1C361F8F7BA1009CB0AF /* LoginRoundView.swift */,
			);
			path = View;
			sourceTree = "<group>";
		};
		BAE6A1481F96197D00EDB7C0 /* ViewController */ = {
			isa = PBXGroup;
			children = (
				BAE6A1461F96195F00EDB7C0 /* MakeCountStepOneViewController.swift */,
				BA6215F41F8F6F9B00270D8E /* ViewController.swift */,
			);
			path = ViewController;
			sourceTree = "<group>";
		};
/* End PBXGroup section */

/* Begin PBXNativeTarget section */
		BA6215EE1F8F6F9B00270D8E /* JSlogin */ = {
			isa = PBXNativeTarget;
			buildConfigurationList = BA6216011F8F6F9B00270D8E /* Build configuration list for PBXNativeTarget "JSlogin" */;
			buildPhases = (
				BA6215EB1F8F6F9B00270D8E /* Sources */,
				BA6215EC1F8F6F9B00270D8E /* Frameworks */,
				BA6215ED1F8F6F9B00270D8E /* Resources */,
			);
			buildRules = (
			);
			dependencies = (
			);
			name = JSlogin;
			productName = JSlogin;
			productReference = BA6215EF1F8F6F9B00270D8E /* JSlogin.app */;
			productType = "com.apple.product-type.application";
		};
/* End PBXNativeTarget section */

/* Begin PBXProject section */
		BA6215E71F8F6F9B00270D8E /* Project object */ = {
			isa = PBXProject;
			attributes = {
				LastSwiftUpdateCheck = 0900;
				LastUpgradeCheck = 0900;
				ORGANIZATIONNAME = okkoung;
				TargetAttributes = {
					BA6215EE1F8F6F9B00270D8E = {
						CreatedOnToolsVersion = 9.0;
						ProvisioningStyle = Automatic;
					};
				};
			};
			buildConfigurationList = BA6215EA1F8F6F9B00270D8E /* Build configuration list for PBXProject "JSlogin" */;
			compatibilityVersion = "Xcode 8.0";
			developmentRegion = en;
			hasScannedForEncodings = 0;
			knownRegions = (
				en,
				Base,
			);
			mainGroup = BA6215E61F8F6F9B00270D8E;
			productRefGroup = BA6215F01F8F6F9B00270D8E /* Products */;
			projectDirPath = "";
			projectRoot = "";
			targets = (
				BA6215EE1F8F6F9B00270D8E /* JSlogin */,
			);
		};
/* End PBXProject section */

/* Begin PBXResourcesBuildPhase section */
		BA6215ED1F8F6F9B00270D8E /* Resources */ = {
			isa = PBXResourcesBuildPhase;
			buildActionMask = 2147483647;
			files = (
				BA6215FD1F8F6F9B00270D8E /* LaunchScreen.storyboard in Resources */,
				BA6215FA1F8F6F9B00270D8E /* Assets.xcassets in Resources */,
				BA6215F81F8F6F9B00270D8E /* Main.storyboard in Resources */,
			);
			runOnlyForDeploymentPostprocessing = 0;
		};
/* End PBXResourcesBuildPhase section */

/* Begin PBXSourcesBuildPhase section */
		BA6215EB1F8F6F9B00270D8E /* Sources */ = {
			isa = PBXSourcesBuildPhase;
			buildActionMask = 2147483647;
			files = (
				BA6215F51F8F6F9B00270D8E /* ViewController.swift in Sources */,
				BA2A1C371F8F7BA1009CB0AF /* LoginRoundView.swift in Sources */,
				BAE6A1411F95E48600EDB7C0 /* UnderLine.swift in Sources */,
				BA2A1C3B1F8F864F009CB0AF /* LoginBtn.swift in Sources */,
				BA6215F31F8F6F9B00270D8E /* AppDelegate.swift in Sources */,
				BAE6A1471F96195F00EDB7C0 /* MakeCountStepOneViewController.swift in Sources */,
			);
			runOnlyForDeploymentPostprocessing = 0;
		};
/* End PBXSourcesBuildPhase section */

/* Begin PBXVariantGroup section */
		BA6215F61F8F6F9B00270D8E /* Main.storyboard */ = {
			isa = PBXVariantGroup;
			children = (
				BA6215F71F8F6F9B00270D8E /* Base */,
			);
			name = Main.storyboard;
			sourceTree = "<group>";
		};
		BA6215FB1F8F6F9B00270D8E /* LaunchScreen.storyboard */ = {
			isa = PBXVariantGroup;
			children = (
				BA6215FC1F8F6F9B00270D8E /* Base */,
			);
			name = LaunchScreen.storyboard;
			sourceTree = "<group>";
		};
/* End PBXVariantGroup section */

/* Begin XCBuildConfiguration section */
		BA6215FF1F8F6F9B00270D8E /* Debug */ = {
			isa = XCBuildConfiguration;
			buildSettings = {
				ALWAYS_SEARCH_USER_PATHS = NO;
				CLANG_ANALYZER_NONNULL = YES;
				CLANG_ANALYZER_NUMBER_OBJECT_CONVERSION = YES_AGGRESSIVE;
				CLANG_CXX_LANGUAGE_STANDARD = "gnu++14";
				CLANG_CXX_LIBRARY = "libc++";
				CLANG_ENABLE_MODULES = YES;
				CLANG_ENABLE_OBJC_ARC = YES;
				CLANG_WARN_BLOCK_CAPTURE_AUTORELEASING = YES;
				CLANG_WARN_BOOL_CONVERSION = YES;
				CLANG_WARN_COMMA = YES;
				CLANG_WARN_CONSTANT_CONVERSION = YES;
				CLANG_WARN_DIRECT_OBJC_ISA_USAGE = YES_ERROR;
				CLANG_WARN_DOCUMENTATION_COMMENTS = YES;
				CLANG_WARN_EMPTY_BODY = YES;
				CLANG_WARN_ENUM_CONVERSION = YES;
				CLANG_WARN_INFINITE_RECURSION = YES;
				CLANG_WARN_INT_CONVERSION = YES;
				CLANG_WARN_NON_LITERAL_NULL_CONVERSION = YES;
				CLANG_WARN_OBJC_LITERAL_CONVERSION = YES;
				CLANG_WARN_OBJC_ROOT_CLASS = YES_ERROR;
				CLANG_WARN_RANGE_LOOP_ANALYSIS = YES;
				CLANG_WARN_STRICT_PROTOTYPES = YES;
				CLANG_WARN_SUSPICIOUS_MOVE = YES;
				CLANG_WARN_UNGUARDED_AVAILABILITY = YES_AGGRESSIVE;
				CLANG_WARN_UNREACHABLE_CODE = YES;
				CLANG_WARN__DUPLICATE_METHOD_MATCH = YES;
				CODE_SIGN_IDENTITY = "iPhone Developer";
				COPY_PHASE_STRIP = NO;
				DEBUG_INFORMATION_FORMAT = dwarf;
				ENABLE_STRICT_OBJC_MSGSEND = YES;
				ENABLE_TESTABILITY = YES;
				GCC_C_LANGUAGE_STANDARD = gnu11;
				GCC_DYNAMIC_NO_PIC = NO;
				GCC_NO_COMMON_BLOCKS = YES;
				GCC_OPTIMIZATION_LEVEL = 0;
				GCC_PREPROCESSOR_DEFINITIONS = (
					"DEBUG=1",
					"$(inherited)",
				);
				GCC_WARN_64_TO_32_BIT_CONVERSION = YES;
				GCC_WARN_ABOUT_RETURN_TYPE = YES_ERROR;
				GCC_WARN_UNDECLARED_SELECTOR = YES;
				GCC_WARN_UNINITIALIZED_AUTOS = YES_AGGRESSIVE;
				GCC_WARN_UNUSED_FUNCTION = YES;
				GCC_WARN_UNUSED_VARIABLE = YES;
				IPHONEOS_DEPLOYMENT_TARGET = 11.0;
				MTL_ENABLE_DEBUG_INFO = YES;
				ONLY_ACTIVE_ARCH = YES;
				SDKROOT = iphoneos;
				SWIFT_ACTIVE_COMPILATION_CONDITIONS = DEBUG;
				SWIFT_OPTIMIZATION_LEVEL = "-Onone";
			};
			name = Debug;
		};
		BA6216001F8F6F9B00270D8E /* Release */ = {
			isa = XCBuildConfiguration;
			buildSettings = {
				ALWAYS_SEARCH_USER_PATHS = NO;
				CLANG_ANALYZER_NONNULL = YES;
				CLANG_ANALYZER_NUMBER_OBJECT_CONVERSION = YES_AGGRESSIVE;
				CLANG_CXX_LANGUAGE_STANDARD = "gnu++14";
				CLANG_CXX_LIBRARY = "libc++";
				CLANG_ENABLE_MODULES = YES;
				CLANG_ENABLE_OBJC_ARC = YES;
				CLANG_WARN_BLOCK_CAPTURE_AUTORELEASING = YES;
				CLANG_WARN_BOOL_CONVERSION = YES;
				CLANG_WARN_COMMA = YES;
				CLANG_WARN_CONSTANT_CONVERSION = YES;
				CLANG_WARN_DIRECT_OBJC_ISA_USAGE = YES_ERROR;
				CLANG_WARN_DOCUMENTATION_COMMENTS = YES;
				CLANG_WARN_EMPTY_BODY = YES;
				CLANG_WARN_ENUM_CONVERSION = YES;
				CLANG_WARN_INFINITE_RECURSION = YES;
				CLANG_WARN_INT_CONVERSION = YES;
				CLANG_WARN_NON_LITERAL_NULL_CONVERSION = YES;
				CLANG_WARN_OBJC_LITERAL_CONVERSION = YES;
				CLANG_WARN_OBJC_ROOT_CLASS = YES_ERROR;
				CLANG_WARN_RANGE_LOOP_ANALYSIS = YES;
				CLANG_WARN_STRICT_PROTOTYPES = YES;
				CLANG_WARN_SUSPICIOUS_MOVE = YES;
				CLANG_WARN_UNGUARDED_AVAILABILITY = YES_AGGRESSIVE;
				CLANG_WARN_UNREACHABLE_CODE = YES;
				CLANG_WARN__DUPLICATE_METHOD_MATCH = YES;
				CODE_SIGN_IDENTITY = "iPhone Developer";
				COPY_PHASE_STRIP = NO;
				DEBUG_INFORMATION_FORMAT = "dwarf-with-dsym";
				ENABLE_NS_ASSERTIONS = NO;
				ENABLE_STRICT_OBJC_MSGSEND = YES;
				GCC_C_LANGUAGE_STANDARD = gnu11;
				GCC_NO_COMMON_BLOCKS = YES;
				GCC_WARN_64_TO_32_BIT_CONVERSION = YES;
				GCC_WARN_ABOUT_RETURN_TYPE = YES_ERROR;
				GCC_WARN_UNDECLARED_SELECTOR = YES;
				GCC_WARN_UNINITIALIZED_AUTOS = YES_AGGRESSIVE;
				GCC_WARN_UNUSED_FUNCTION = YES;
				GCC_WARN_UNUSED_VARIABLE = YES;
				IPHONEOS_DEPLOYMENT_TARGET = 11.0;
				MTL_ENABLE_DEBUG_INFO = NO;
				SDKROOT = iphoneos;
				SWIFT_OPTIMIZATION_LEVEL = "-Owholemodule";
				VALIDATE_PRODUCT = YES;
			};
			name = Release;
		};
		BA6216021F8F6F9B00270D8E /* Debug */ = {
			isa = XCBuildConfiguration;
			buildSettings = {
				ASSETCATALOG_COMPILER_APPICON_NAME = AppIcon;
				CODE_SIGN_STYLE = Automatic;
				DEVELOPMENT_TEAM = 2M85THSX7L;
				INFOPLIST_FILE = JSlogin/Info.plist;
				LD_RUNPATH_SEARCH_PATHS = "$(inherited) @executable_path/Frameworks";
				PRODUCT_BUNDLE_IDENTIFIER = com.jscschool.JSlogin;
				PRODUCT_NAME = "$(TARGET_NAME)";
				SWIFT_VERSION = 4.0;
				TARGETED_DEVICE_FAMILY = "1,2";
			};
			name = Debug;
		};
		BA6216031F8F6F9B00270D8E /* Release */ = {
			isa = XCBuildConfiguration;
			buildSettings = {
				ASSETCATALOG_COMPILER_APPICON_NAME = AppIcon;
				CODE_SIGN_STYLE = Automatic;
				DEVELOPMENT_TEAM = 2M85THSX7L;
				INFOPLIST_FILE = JSlogin/Info.plist;
				LD_RUNPATH_SEARCH_PATHS = "$(inherited) @executable_path/Frameworks";
				PRODUCT_BUNDLE_IDENTIFIER = com.jscschool.JSlogin;
				PRODUCT_NAME = "$(TARGET_NAME)";
				SWIFT_VERSION = 4.0;
				TARGETED_DEVICE_FAMILY = "1,2";
			};
			name = Release;
		};
/* End XCBuildConfiguration section */

/* Begin XCConfigurationList section */
		BA6215EA1F8F6F9B00270D8E /* Build configuration list for PBXProject "JSlogin" */ = {
			isa = XCConfigurationList;
			buildConfigurations = (
				BA6215FF1F8F6F9B00270D8E /* Debug */,
				BA6216001F8F6F9B00270D8E /* Release */,
			);
			defaultConfigurationIsVisible = 0;
			defaultConfigurationName = Release;
		};
		BA6216011F8F6F9B00270D8E /* Build configuration list for PBXNativeTarget "JSlogin" */ = {
			isa = XCConfigurationList;
			buildConfigurations = (
				BA6216021F8F6F9B00270D8E /* Debug */,
				BA6216031F8F6F9B00270D8E /* Release */,
			);
			defaultConfigurationIsVisible = 0;
			defaultConfigurationName = Release;
		};
/* End XCConfigurationList section */
	};
	rootObject = BA6215E71F8F6F9B00270D8E /* Project object */;
}
